
Microsoft Visual Studio Solution File, Format Version 12.00
# Visual Studio 14
VisualStudioVersion = 14.0.25420.1
MinimumVisualStudioVersion = 10.0.40219.1
Project("{FAE04EC0-301F-11D3-BF4B-00C04F79EFBC}") = "PSAssetManagementWebAPI", "PSAssetManagementWebAPI\PSAssetManagementWebAPI.csproj", "{0BE8F18E-195B-4D1B-906B-7EF80BE80942}"
EndProject
Project("{FAE04EC0-301F-11D3-BF4B-00C04F79EFBC}") = "AssetManagement", "AssetManagement\AssetManagement.csproj", "{8FD93DD7-AA6A-418E-9106-16261B341A2E}"
EndProject
Global
	GlobalSection(SolutionConfigurationPlatforms) = preSolution
		Debug|Any CPU = Debug|Any CPU
		Release|Any CPU = Release|Any CPU
	EndGlobalSection
	GlobalSection(ProjectConfigurationPlatforms) = postSolution
		{0BE8F18E-195B-4D1B-906B-7EF80BE80942}.Debug|Any CPU.ActiveCfg = Debug|Any CPU
		{0BE8F18E-195B-4D1B-906B-7EF80BE80942}.Debug|Any CPU.Build.0 = Debug|Any CPU
		{0BE8F18E-195B-4D1B-906B-7EF80BE80942}.Release|Any CPU.ActiveCfg = Release|Any CPU
		{0BE8F18E-195B-4D1B-906B-7EF80BE80942}.Release|Any CPU.Build.0 = Release|Any CPU
		{8FD93DD7-AA6A-418E-9106-16261B341A2E}.Debug|Any CPU.ActiveCfg = Debug|Any CPU
		{8FD93DD7-AA6A-418E-9106-16261B341A2E}.Debug|Any CPU.Build.0 = Debug|Any CPU
		{8FD93DD7-AA6A-418E-9106-16261B341A2E}.Release|Any CPU.ActiveCfg = Release|Any CPU
		{8FD93DD7-AA6A-418E-9106-16261B341A2E}.Release|Any CPU.Build.0 = Release|Any CPU
	EndGlobalSection
	GlobalSection(SolutionProperties) = preSolution
		HideSolutionNode = FALSE
	EndGlobalSection
EndGlobal
